
Microsoft Visual Studio Solution File, Format Version 12.00
# Visual Studio 15
VisualStudioVersion = 15.0.27130.2010
MinimumVisualStudioVersion = 10.0.40219.1
Project("{FAE04EC0-301F-11D3-BF4B-00C04F79EFBC}") = "LinqAF", "LinqAF\LinqAF.csproj", "{6BE52B43-395D-44ED-8A86-F0733CC74D31}"
EndProject
Project("{FAE04EC0-301F-11D3-BF4B-00C04F79EFBC}") = "LinqAF.Tests", "LinqAF.Tests\LinqAF.Tests.csproj", "{1BE94F35-5693-4785-9449-759F4D7993D0}"
EndProject
Project("{FAE04EC0-301F-11D3-BF4B-00C04F79EFBC}") = "LinqAF.Generator", "LinqAF.Generator\LinqAF.Generator.csproj", "{3A850259-FEDB-4AE7-B178-7AEAC1FE5EA8}"
EndProject
Project("{FAE04EC0-301F-11D3-BF4B-00C04F79EFBC}") = "LinqAF.Generated", "LinqAF.Generated\LinqAF.Generated.csproj", "{50CAD84A-C6D6-4682-8CCB-132ECC3E3B5B}"
EndProject
Project("{2150E333-8FDC-42A3-9474-1A3956D46DE8}") = "Solution Items", "Solution Items", "{9955F5E6-F517-46FA-9711-92B2BCA64893}"
	ProjectSection(SolutionItems) = preProject
		Notes.txt = Notes.txt
	EndProjectSection
EndProject
Project("{FAE04EC0-301F-11D3-BF4B-00C04F79EFBC}") = "LinqAF.TestRunner", "LinqAF.TestRunner\LinqAF.TestRunner.csproj", "{371389D1-75DB-44BE-A535-6999FFC211DB}"
EndProject
Project("{FAE04EC0-301F-11D3-BF4B-00C04F79EFBC}") = "LinqAF.Benchmark", "LinqAF.Benchmark\LinqAF.Benchmark.csproj", "{CA5FBEF7-D1C3-4974-BB45-041B2AC08987}"
EndProject
Project("{9A19103F-16F7-4668-BE54-9A1E7A4F7556}") = "LinqAF.Generated.NetStandard", "LinqAF.Generated.NetStandard\LinqAF.Generated.NetStandard.csproj", "{5497DE90-9322-474D-99A7-7DD3879FC8E5}"
EndProject
Project("{FAE04EC0-301F-11D3-BF4B-00C04F79EFBC}") = "LinqAF.Generated.Net35", "LinqAF.Generated.Net35\LinqAF.Generated.Net35.csproj", "{0C7823AA-AE5D-40A7-8D35-BFB2A866F563}"
EndProject
Global
	GlobalSection(SolutionConfigurationPlatforms) = preSolution
		Debug|Any CPU = Debug|Any CPU
		Release|Any CPU = Release|Any CPU
	EndGlobalSection
	GlobalSection(ProjectConfigurationPlatforms) = postSolution
		{6BE52B43-395D-44ED-8A86-F0733CC74D31}.Debug|Any CPU.ActiveCfg = Debug|Any CPU
		{6BE52B43-395D-44ED-8A86-F0733CC74D31}.Debug|Any CPU.Build.0 = Debug|Any CPU
		{6BE52B43-395D-44ED-8A86-F0733CC74D31}.Release|Any CPU.ActiveCfg = Release|Any CPU
		{6BE52B43-395D-44ED-8A86-F0733CC74D31}.Release|Any CPU.Build.0 = Release|Any CPU
		{1BE94F35-5693-4785-9449-759F4D7993D0}.Debug|Any CPU.ActiveCfg = Debug|Any CPU
		{1BE94F35-5693-4785-9449-759F4D7993D0}.Debug|Any CPU.Build.0 = Debug|Any CPU
		{1BE94F35-5693-4785-9449-759F4D7993D0}.Release|Any CPU.ActiveCfg = Release|Any CPU
		{1BE94F35-5693-4785-9449-759F4D7993D0}.Release|Any CPU.Build.0 = Release|Any CPU
		{3A850259-FEDB-4AE7-B178-7AEAC1FE5EA8}.Debug|Any CPU.ActiveCfg = Debug|Any CPU
		{3A850259-FEDB-4AE7-B178-7AEAC1FE5EA8}.Debug|Any CPU.Build.0 = Debug|Any CPU
		{3A850259-FEDB-4AE7-B178-7AEAC1FE5EA8}.Release|Any CPU.ActiveCfg = Release|Any CPU
		{3A850259-FEDB-4AE7-B178-7AEAC1FE5EA8}.Release|Any CPU.Build.0 = Release|Any CPU
		{50CAD84A-C6D6-4682-8CCB-132ECC3E3B5B}.Debug|Any CPU.ActiveCfg = Debug|Any CPU
		{50CAD84A-C6D6-4682-8CCB-132ECC3E3B5B}.Debug|Any CPU.Build.0 = Debug|Any CPU
		{50CAD84A-C6D6-4682-8CCB-132ECC3E3B5B}.Release|Any CPU.ActiveCfg = Release|Any CPU
		{50CAD84A-C6D6-4682-8CCB-132ECC3E3B5B}.Release|Any CPU.Build.0 = Release|Any CPU
		{371389D1-75DB-44BE-A535-6999FFC211DB}.Debug|Any CPU.ActiveCfg = Debug|Any CPU
		{371389D1-75DB-44BE-A535-6999FFC211DB}.Debug|Any CPU.Build.0 = Debug|Any CPU
		{371389D1-75DB-44BE-A535-6999FFC211DB}.Release|Any CPU.ActiveCfg = Release|Any CPU
		{371389D1-75DB-44BE-A535-6999FFC211DB}.Release|Any CPU.Build.0 = Release|Any CPU
		{CA5FBEF7-D1C3-4974-BB45-041B2AC08987}.Debug|Any CPU.ActiveCfg = Debug|Any CPU
		{CA5FBEF7-D1C3-4974-BB45-041B2AC08987}.Debug|Any CPU.Build.0 = Debug|Any CPU
		{CA5FBEF7-D1C3-4974-BB45-041B2AC08987}.Release|Any CPU.ActiveCfg = Release|Any CPU
		{CA5FBEF7-D1C3-4974-BB45-041B2AC08987}.Release|Any CPU.Build.0 = Release|Any CPU
		{5497DE90-9322-474D-99A7-7DD3879FC8E5}.Debug|Any CPU.ActiveCfg = Debug|Any CPU
		{5497DE90-9322-474D-99A7-7DD3879FC8E5}.Debug|Any CPU.Build.0 = Debug|Any CPU
		{5497DE90-9322-474D-99A7-7DD3879FC8E5}.Release|Any CPU.ActiveCfg = Release|Any CPU
		{5497DE90-9322-474D-99A7-7DD3879FC8E5}.Release|Any CPU.Build.0 = Release|Any CPU
		{0C7823AA-AE5D-40A7-8D35-BFB2A866F563}.Debug|Any CPU.ActiveCfg = Debug|Any CPU
		{0C7823AA-AE5D-40A7-8D35-BFB2A866F563}.Debug|Any CPU.Build.0 = Debug|Any CPU
		{0C7823AA-AE5D-40A7-8D35-BFB2A866F563}.Release|Any CPU.ActiveCfg = Release|Any CPU
		{0C7823AA-AE5D-40A7-8D35-BFB2A866F563}.Release|Any CPU.Build.0 = Release|Any CPU
	EndGlobalSection
	GlobalSection(SolutionProperties) = preSolution
		HideSolutionNode = FALSE
	EndGlobalSection
	GlobalSection(ExtensibilityGlobals) = postSolution
		SolutionGuid = {728577B5-9504-4C6D-A7D3-EFA87ECE07CB}
	EndGlobalSection
EndGlobal
